
Microsoft Visual Studio Solution File, Format Version 12.00
# Visual Studio Version 16
VisualStudioVersion = 16.0.30204.135
MinimumVisualStudioVersion = 10.0.40219.1
Project("{9A19103F-16F7-4668-BE54-9A1E7A4F7556}") = "NParser", "NParser\NParser.csproj", "{C8382AA3-CA88-4CE4-93B2-069DDC39EF99}"
EndProject
Project("{9A19103F-16F7-4668-BE54-9A1E7A4F7556}") = "NParser.UnitTests", "NParser.UnitTests\NParser.UnitTests.csproj", "{60CAD9E3-9DFA-405B-81C4-5EFF0B9C5487}"
EndProject
Project("{9A19103F-16F7-4668-BE54-9A1E7A4F7556}") = "NParser.Proxy", "NParser.Proxy\NParser.Proxy.csproj", "{0B60403B-18F5-4F29-81F5-EA2FC4BAFE74}"
EndProject
Project("{9A19103F-16F7-4668-BE54-9A1E7A4F7556}") = "HtmlLoading", "HtmlLoading\HtmlLoading.csproj", "{EE7381D0-5B75-4346-8143-E6FE4F131CEB}"
EndProject
Project("{9A19103F-16F7-4668-BE54-9A1E7A4F7556}") = "ProxyChanging", "ProxyChanging\ProxyChanging.csproj", "{75E7D911-7831-46AC-98AC-7D63A035FDC1}"
EndProject
Project("{2150E333-8FDC-42A3-9474-1A3956D46DE8}") = "HtmlLoad", "HtmlLoad", "{AF74E8F6-AB78-4603-A570-3AA39B9D7DB5}"
EndProject
Project("{2150E333-8FDC-42A3-9474-1A3956D46DE8}") = "Parse", "Parse", "{05B1250A-DD6C-4DD6-8EEB-823428E710E1}"
EndProject
Project("{2150E333-8FDC-42A3-9474-1A3956D46DE8}") = "ProxyChange", "ProxyChange", "{44146927-99F3-43CA-A078-13329ECCCB06}"
EndProject
Project("{2150E333-8FDC-42A3-9474-1A3956D46DE8}") = "Tests", "Tests", "{DD7EAA95-EF6F-435D-8436-37250AED0FB0}"
EndProject
Project("{FAE04EC0-301F-11D3-BF4B-00C04F79EFBC}") = "HtmlLoading.Proxy", "HtmlLoading.Proxy\HtmlLoading.Proxy.csproj", "{FBD33D5F-A6A9-4475-A336-992E149EA086}"
EndProject
Global
	GlobalSection(SolutionConfigurationPlatforms) = preSolution
		Debug|Any CPU = Debug|Any CPU
		Release|Any CPU = Release|Any CPU
	EndGlobalSection
	GlobalSection(ProjectConfigurationPlatforms) = postSolution
		{C8382AA3-CA88-4CE4-93B2-069DDC39EF99}.Debug|Any CPU.ActiveCfg = Debug|Any CPU
		{C8382AA3-CA88-4CE4-93B2-069DDC39EF99}.Debug|Any CPU.Build.0 = Debug|Any CPU
		{C8382AA3-CA88-4CE4-93B2-069DDC39EF99}.Release|Any CPU.ActiveCfg = Release|Any CPU
		{C8382AA3-CA88-4CE4-93B2-069DDC39EF99}.Release|Any CPU.Build.0 = Release|Any CPU
		{60CAD9E3-9DFA-405B-81C4-5EFF0B9C5487}.Debug|Any CPU.ActiveCfg = Debug|Any CPU
		{60CAD9E3-9DFA-405B-81C4-5EFF0B9C5487}.Debug|Any CPU.Build.0 = Debug|Any CPU
		{60CAD9E3-9DFA-405B-81C4-5EFF0B9C5487}.Release|Any CPU.ActiveCfg = Release|Any CPU
		{60CAD9E3-9DFA-405B-81C4-5EFF0B9C5487}.Release|Any CPU.Build.0 = Release|Any CPU
		{0B60403B-18F5-4F29-81F5-EA2FC4BAFE74}.Debug|Any CPU.ActiveCfg = Debug|Any CPU
		{0B60403B-18F5-4F29-81F5-EA2FC4BAFE74}.Debug|Any CPU.Build.0 = Debug|Any CPU
		{0B60403B-18F5-4F29-81F5-EA2FC4BAFE74}.Release|Any CPU.ActiveCfg = Release|Any CPU
		{0B60403B-18F5-4F29-81F5-EA2FC4BAFE74}.Release|Any CPU.Build.0 = Release|Any CPU
		{EE7381D0-5B75-4346-8143-E6FE4F131CEB}.Debug|Any CPU.ActiveCfg = Debug|Any CPU
		{EE7381D0-5B75-4346-8143-E6FE4F131CEB}.Debug|Any CPU.Build.0 = Debug|Any CPU
		{EE7381D0-5B75-4346-8143-E6FE4F131CEB}.Release|Any CPU.ActiveCfg = Release|Any CPU
		{EE7381D0-5B75-4346-8143-E6FE4F131CEB}.Release|Any CPU.Build.0 = Release|Any CPU
		{75E7D911-7831-46AC-98AC-7D63A035FDC1}.Debug|Any CPU.ActiveCfg = Debug|Any CPU
		{75E7D911-7831-46AC-98AC-7D63A035FDC1}.Debug|Any CPU.Build.0 = Debug|Any CPU
		{75E7D911-7831-46AC-98AC-7D63A035FDC1}.Release|Any CPU.ActiveCfg = Release|Any CPU
		{75E7D911-7831-46AC-98AC-7D63A035FDC1}.Release|Any CPU.Build.0 = Release|Any CPU
		{FBD33D5F-A6A9-4475-A336-992E149EA086}.Debug|Any CPU.ActiveCfg = Debug|Any CPU
		{FBD33D5F-A6A9-4475-A336-992E149EA086}.Debug|Any CPU.Build.0 = Debug|Any CPU
		{FBD33D5F-A6A9-4475-A336-992E149EA086}.Release|Any CPU.ActiveCfg = Release|Any CPU
		{FBD33D5F-A6A9-4475-A336-992E149EA086}.Release|Any CPU.Build.0 = Release|Any CPU
	EndGlobalSection
	GlobalSection(SolutionProperties) = preSolution
		HideSolutionNode = FALSE
	EndGlobalSection
	GlobalSection(NestedProjects) = preSolution
		{C8382AA3-CA88-4CE4-93B2-069DDC39EF99} = {05B1250A-DD6C-4DD6-8EEB-823428E710E1}
		{60CAD9E3-9DFA-405B-81C4-5EFF0B9C5487} = {DD7EAA95-EF6F-435D-8436-37250AED0FB0}
		{0B60403B-18F5-4F29-81F5-EA2FC4BAFE74} = {05B1250A-DD6C-4DD6-8EEB-823428E710E1}
		{EE7381D0-5B75-4346-8143-E6FE4F131CEB} = {AF74E8F6-AB78-4603-A570-3AA39B9D7DB5}
		{75E7D911-7831-46AC-98AC-7D63A035FDC1} = {44146927-99F3-43CA-A078-13329ECCCB06}
		{FBD33D5F-A6A9-4475-A336-992E149EA086} = {AF74E8F6-AB78-4603-A570-3AA39B9D7DB5}
	EndGlobalSection
	GlobalSection(ExtensibilityGlobals) = postSolution
		SolutionGuid = {0F0C65F1-2F1C-486D-8791-8707AAFFBC18}
	EndGlobalSection
EndGlobal
